#MicroXplorer Configuration settings - do not modify
Mcu.Family=STM32G0
ProjectManager.MainLocation=Src
Dma.SPI1_TX.0.MemInc=DMA_MINC_ENABLE
Dma.SPI1_TX.0.EventEnable=DISABLE
RCC.PLLQoutputFreq_Value=96000000
RCC.USART1Freq_Value=64000000
ProjectManager.ProjectFileName=SoundCortexSTM.ioc
Dma.SPI1_TX.0.PeriphInc=DMA_PINC_DISABLE
RCC.CortexFreq_Value=64000000
RCC.I2S1CLockSelection=RCC_I2S1CLKSOURCE_PLL
I2S1.ErrorAudioFreq=0.8 %
ProjectManager.KeepUserCode=true
Mcu.UserName=STM32G031J6Mx
Mcu.PinsNb=7
ProjectManager.NoMain=false
PA12\ [PA10].Mode=Half_Duplex_Master
PA14-BOOT0.Mode=Serial_Wire
ProjectManager.functionlistsort=1-MX_GPIO_Init-GPIO-false-HAL-true,2-MX_DMA_Init-DMA-false-HAL-true,3-SystemClock_Config-RCC-false-HAL-false,4-MX_I2S1_Init-I2S1-false-HAL-true
RCC.EXTERNAL_CLOCK_VALUE=12288000
ProjectManager.DefaultFWLocation=true
I2S1.AudioFreq=I2S_AUDIOFREQ_48K
Dma.SPI1_TX.0.SyncRequestNumber=1
NVIC.SVC_IRQn=true\:0\:0\:false\:false\:true\:false\:false
ProjectManager.DeletePrevious=true
PinOutPanel.RotationAngle=0
I2S1.Instance=SPI$Index
RCC.FamilyName=M
RCC.MCO1PinFreq_Value=64000000
RCC.SYSCLKSource=RCC_SYSCLKSOURCE_PLLCLK
ProjectManager.StackSize=0x400
Dma.SPI1_TX.0.SignalID=NONE
RCC.LPTIM1Freq_Value=64000000
PA13.Signal=SYS_SWDIO
Mcu.IP4=SYS
RCC.FCLKCortexFreq_Value=64000000
Mcu.IP2=NVIC
Mcu.IP3=RCC
Mcu.IP0=DMA
Mcu.IP1=I2S1
Dma.SPI1_TX.0.RequestParameters=Instance,Direction,PeriphInc,MemInc,PeriphDataAlignment,MemDataAlignment,Mode,Priority,SignalID,Polarity,RequestNumber,SyncSignalID,SyncPolarity,SyncEnable,EventEnable,SyncRequestNumber
Mcu.UserConstants=
ProjectManager.TargetToolchain=STM32CubeIDE
Mcu.ThirdPartyNb=0
RCC.HCLKFreq_Value=64000000
Dma.SPI1_TX.0.PeriphDataAlignment=DMA_PDATAALIGN_HALFWORD
Dma.SPI1_TX.0.Direction=DMA_MEMORY_TO_PERIPH
PA12\ [PA10].Signal=I2S1_SD
Mcu.IPNb=5
ProjectManager.PreviousToolchain=
I2S1.VirtualMode=I2S_MODE_MASTER
RCC.I2S1Freq_Value=48000000
Dma.SPI1_TX.0.SyncPolarity=HAL_DMAMUX_SYNC_NO_EVENT
Mcu.Pin6=VP_SYS_VS_Systick
ProjectManager.RegisterCallBack=
RCC.LSE_VALUE=32768
PA1.Signal=I2S1_CK
RCC.AHBFreq_Value=64000000
RCC.PREFETCH_ENABLE=1
Mcu.Pin0=PB7
Mcu.Pin1=PA1
PA14-BOOT0.Signal=SYS_SWCLK
GPIO.groupedBy=Group By Peripherals
Mcu.Pin2=PB0
Mcu.Pin3=PA12 [PA10]
Mcu.Pin4=PA13
Mcu.Pin5=PA14-BOOT0
ProjectManager.ProjectBuild=false
RCC.HSE_VALUE=8000000
PB0.Mode=Half_Duplex_Master
board=custom
RCC.VCOOutputFreq_Value=192000000
NVIC.SysTick_IRQn=true\:0\:0\:false\:false\:true\:false\:true
ProjectManager.LastFirmware=true
ProjectManager.FirmwarePackage=STM32Cube FW_G0 V1.4.1
MxDb.Version=DB.6.0.21
PA1.Mode=Half_Duplex_Master
ProjectManager.BackupPrevious=false
MxCube.Version=6.2.1
RCC.VCOInputFreq_Value=8000000
RCC.I2C1Freq_Value=64000000
RCC.ADCFreq_Value=64000000
File.Version=6
VP_SYS_VS_Systick.Mode=SysTick
Dma.SPI1_TX.0.Instance=DMA1_Channel3
PB7.Signal=USART1_RX
I2S1.IPParameters=Instance,VirtualMode,FullDuplexMode,RealAudioFreq,ErrorAudioFreq,AudioFreq
NVIC.NonMaskableInt_IRQn=true\:0\:0\:false\:false\:true\:false\:false
RCC.PLLRCLKFreq_Value=64000000
Dma.SPI1_TX.0.RequestNumber=1
I2S1.FullDuplexMode=I2S_FULLDUPLEXMODE_DISABLE
NVIC.PendSV_IRQn=true\:0\:0\:false\:false\:true\:false\:false
PA13.Mode=Serial_Wire
Dma.SPI1_TX.0.Polarity=HAL_DMAMUX_REQ_GEN_RISING
ProjectManager.FreePins=false
RCC.IPParameters=ADCFreq_Value,AHBFreq_Value,APBFreq_Value,APBTimFreq_Value,CortexFreq_Value,EXTERNAL_CLOCK_VALUE,FCLKCortexFreq_Value,FamilyName,HCLKFreq_Value,HSE_VALUE,HSI_VALUE,I2C1Freq_Value,I2S1CLockSelection,I2S1Freq_Value,LPTIM1Freq_Value,LPTIM2Freq_Value,LPUART1Freq_Value,LSCOPinFreq_Value,LSE_VALUE,LSI_VALUE,MCO1PinFreq_Value,PLLM,PLLN,PLLP,PLLPoutputFreq_Value,PLLQoutputFreq_Value,PLLR,PLLRCLKFreq_Value,PREFETCH_ENABLE,PWRFreq_Value,SYSCLKFreq_VALUE,SYSCLKSource,TIM1Freq_Value,USART1Freq_Value,VCOInputFreq_Value,VCOOutputFreq_Value
ProjectManager.AskForMigrate=true
Dma.RequestsNb=1
Mcu.Name=STM32G031J(4-6)Mx
RCC.LPTIM2Freq_Value=64000000
ProjectManager.HalAssertFull=false
ProjectManager.ProjectName=SoundCortexSTM
ProjectManager.UnderRoot=true
RCC.TIM1Freq_Value=64000000
ProjectManager.CoupleFile=false
Dma.SPI1_TX.0.Mode=DMA_CIRCULAR
RCC.APBTimFreq_Value=64000000
RCC.SYSCLKFreq_VALUE=64000000
Mcu.Package=SO8N
Dma.SPI1_TX.0.SyncEnable=DISABLE
NVIC.ForceEnableDMAVector=true
KeepUserPlacement=false
RCC.APBFreq_Value=64000000
PA13.Locked=true
ProjectManager.CompilerOptimize=6
ProjectManager.ToolChainLocation=
RCC.LSI_VALUE=32000
VP_SYS_VS_Systick.Signal=SYS_VS_Systick
RCC.LSCOPinFreq_Value=32000
ProjectManager.HeapSize=0x200
Dma.SPI1_TX.0.Priority=DMA_PRIORITY_VERY_HIGH
Dma.SPI1_TX.0.MemDataAlignment=DMA_MDATAALIGN_HALFWORD
NVIC.HardFault_IRQn=true\:0\:0\:false\:false\:true\:false\:false
ProjectManager.ComputerToolchain=false
RCC.HSI_VALUE=16000000
RCC.PLLP=RCC_PLLP_DIV4
RCC.PLLR=RCC_PLLR_DIV3
RCC.PLLM=RCC_PLLM_DIV2
RCC.PLLN=24
RCC.PLLPoutputFreq_Value=48000000
NVIC.DMA1_Channel2_3_IRQn=true\:0\:0\:false\:false\:true\:false\:true
PB7.Locked=true
RCC.PWRFreq_Value=64000000
RCC.LPUART1Freq_Value=64000000
I2S1.RealAudioFreq=48.387 KHz
Dma.SPI1_TX.0.SyncSignalID=NONE
Dma.Request0=SPI1_TX
PB0.Signal=I2S1_WS
ProjectManager.CustomerFirmwarePackage=
ProjectManager.DeviceId=STM32G031J6Mx
ProjectManager.LibraryCopy=1
isbadioc=false
