#MicroXplorer Configuration settings - do not modify
Mcu.Family=STM32F0
ProjectManager.MainLocation=Src
RCC.I2SFreq_Value=48000000
RCC.MCOFreq_Value=48000000
Dma.SPI1_TX.0.MemInc=DMA_MINC_ENABLE
RCC.USART1Freq_Value=48000000
ProjectManager.ProjectFileName=SoundCortexSTM.ioc
Dma.SPI1_TX.0.PeriphInc=DMA_PINC_DISABLE
PA7.Mode=Half_Duplex_Master
I2S1.ErrorAudioFreq=0.8 %
I2C1.I2C_Speed_Mode=I2C_Fast_Plus
ProjectManager.KeepUserCode=true
Mcu.UserName=STM32F042K6Tx
PA10.Mode=I2C
Mcu.PinsNb=6
ProjectManager.NoMain=false
I2C1.GeneralCallMode=I2C_GENERALCALL_ENABLE
PA10.GPIO_FMA10=SYSCFG_CFGR1_I2C_FMP_PA10
RCC.PLLCLKFreq_Value=16000000
ProjectManager.functionlistsort=1-MX_GPIO_Init-GPIO-false-HAL-true,2-MX_DMA_Init-DMA-false-HAL-true,3-SystemClock_Config-RCC-false-HAL-false,4-MX_I2C1_Init-I2C1-false-HAL-true,5-MX_I2S1_Init-I2S1-false-HAL-true
PA9.GPIOParameters=GPIO_FMA9
ProjectManager.DefaultFWLocation=true
I2S1.AudioFreq=I2S_AUDIOFREQ_48K
NVIC.SVC_IRQn=true\:2\:0\:true\:false\:true\:false\:false
ProjectManager.DeletePrevious=true
PinOutPanel.RotationAngle=0
I2S1.Instance=SPI$Index
RCC.FamilyName=M
I2C1.OwnAddress2=SCC_ADDRESS*2
RCC.SYSCLKSource=RCC_SYSCLKSOURCE_HSI48
ProjectManager.StackSize=0x400
I2C1.DualAddressMode=I2C_DUALADDRESS_ENABLE
NVIC.I2C1_IRQn=true\:2\:0\:true\:false\:true\:true\:true
Mcu.IP4=RCC
RCC.FCLKCortexFreq_Value=48000000
Mcu.IP5=SYS
Mcu.IP2=I2S1
I2C1.IPParameters=I2C_Speed_Mode,Timing,DualAddressMode,OwnAddress,OwnAddress2,GeneralCallMode
Mcu.IP3=NVIC
Mcu.IP0=DMA
PA9.Mode=I2C
Mcu.IP1=I2C1
Dma.SPI1_TX.0.RequestParameters=Instance,Direction,PeriphInc,MemInc,PeriphDataAlignment,MemDataAlignment,Mode,Priority
Mcu.UserConstants=
ProjectManager.TargetToolchain=STM32CubeIDE
PA4.Mode=Half_Duplex_Master
Mcu.ThirdPartyNb=0
Dma.SPI1_TX.0.PeriphDataAlignment=DMA_PDATAALIGN_HALFWORD
RCC.HCLKFreq_Value=48000000
Dma.SPI1_TX.0.Direction=DMA_MEMORY_TO_PERIPH
Mcu.IPNb=6
ProjectManager.PreviousToolchain=STM32CubeIDE
I2S1.VirtualMode=I2S_MODE_MASTER
PA9.Signal=I2C1_SCL
I2C1.Timing=0x00000001
ProjectManager.RegisterCallBack=
RCC.AHBFreq_Value=48000000
Mcu.Pin0=PA4
Mcu.Pin1=PA5
Mcu.Pin2=PA7
Mcu.Pin3=PA9
Mcu.Pin4=PA10
Mcu.Pin5=VP_SYS_VS_Systick
PA5.Signal=I2S1_CK
ProjectManager.ProjectBuild=false
board=custom
NVIC.SysTick_IRQn=true\:1\:0\:true\:false\:true\:false\:true
ProjectManager.LastFirmware=true
RCC.VCOOutput2Freq_Value=8000000
ProjectManager.FirmwarePackage=STM32Cube FW_F0 V1.11.2
MxDb.Version=DB.6.0.21
ProjectManager.BackupPrevious=false
MxCube.Version=6.2.1
File.Version=6
VP_SYS_VS_Systick.Mode=SysTick
PA10.GPIOParameters=GPIO_FMA10
Dma.SPI1_TX.0.Instance=DMA1_Channel3
I2S1.IPParameters=Instance,VirtualMode,FullDuplexMode,RealAudioFreq,ErrorAudioFreq,AudioFreq
NVIC.NonMaskableInt_IRQn=true\:0\:0\:false\:false\:true\:false\:false
I2S1.FullDuplexMode=I2S_FULLDUPLEXMODE_DISABLE
NVIC.PendSV_IRQn=true\:2\:0\:true\:false\:true\:false\:false
ProjectManager.FreePins=false
RCC.IPParameters=AHBFreq_Value,APB1Freq_Value,APB1TimFreq_Value,CECFreq_Value,FCLKCortexFreq_Value,FamilyName,HCLKFreq_Value,HSICECFreq_Value,I2SFreq_Value,MCOFreq_Value,PLLCLKFreq_Value,PLLMCOFreq_Value,SYSCLKFreq_VALUE,SYSCLKSource,TimSysFreq_Value,USART1Freq_Value,VCOOutput2Freq_Value
ProjectManager.AskForMigrate=true
Dma.RequestsNb=1
Mcu.Name=STM32F042K(4-6)Tx
ProjectManager.HalAssertFull=false
ProjectManager.ProjectName=SoundCortexSTM
ProjectManager.UnderRoot=true
I2C1.OwnAddress=PSG_ADDRESS*2
RCC.HSICECFreq_Value=32786.88524590164
RCC.PLLMCOFreq_Value=16000000
ProjectManager.CoupleFile=false
Dma.SPI1_TX.0.Mode=DMA_CIRCULAR
PA4.Signal=I2S1_WS
RCC.SYSCLKFreq_VALUE=48000000
Mcu.Package=LQFP32
RCC.TimSysFreq_Value=48000000
NVIC.ForceEnableDMAVector=true
KeepUserPlacement=false
ProjectManager.CompilerOptimize=6
ProjectManager.ToolChainLocation=
VP_SYS_VS_Systick.Signal=SYS_VS_Systick
PA10.Signal=I2C1_SDA
ProjectManager.HeapSize=0x200
Dma.SPI1_TX.0.Priority=DMA_PRIORITY_VERY_HIGH
Dma.SPI1_TX.0.MemDataAlignment=DMA_MDATAALIGN_HALFWORD
NVIC.HardFault_IRQn=true\:0\:0\:false\:false\:true\:false\:false
ProjectManager.ComputerToolchain=false
PA9.GPIO_FMA9=SYSCFG_CFGR1_I2C_FMP_PA9
NVIC.DMA1_Channel2_3_IRQn=true\:0\:0\:false\:false\:true\:false\:true
RCC.CECFreq_Value=32786.88524590164
RCC.APB1TimFreq_Value=48000000
I2S1.RealAudioFreq=48.387 KHz
I2C1.IPParametersWithoutCheck=OwnAddress2,OwnAddress
Dma.Request0=SPI1_TX
RCC.APB1Freq_Value=48000000
ProjectManager.CustomerFirmwarePackage=
ProjectManager.DeviceId=STM32F042K6Tx
ProjectManager.LibraryCopy=1
PA7.Signal=I2S1_SD
PA5.Mode=Half_Duplex_Master
isbadioc=false
